PODS:
  - Cosmos (23.0.0)
  - OTPFieldView (1.0.1)
  - SDWebImage (5.12.6):
    - SDWebImage/Core (= 5.12.6)
  - SDWebImage/Core (5.12.6)

DEPENDENCIES:
  - Cosmos (~> 23.0)
  - OTPFieldView
  - SDWebImage (~> 5.0)

SPEC REPOS:
  trunk:
    - Cosmos
    - OTPFieldView
    - SDWebImage

SPEC CHECKSUMS:
  Cosmos: b5c6a9a637e28a061b54c8f8b1d8529d7d4db73f
  OTPFieldView: 700a752fe62c41d1c4914c78aa500fb30d97c255
  SDWebImage: a47aea9e3d8816015db4e523daff50cfd294499d

PODFILE CHECKSUM: b8a7e0a17a18085ca549639831f50174fbe4fe5f

COCOAPODS: 1.11.3
